
Microsoft Visual Studio Solution File, Format Version 12.00
# Visual Studio Version 16
VisualStudioVersion = 16.0.31229.75
MinimumVisualStudioVersion = 10.0.40219.1
Project("{888888A0-9F3D-457C-B088-3A5042F75D52}") = "Launch", "Launch\Launch.pyproj", "{C282EAA7-5AA6-49E4-8B9C-ED3E2AFAD93B}"
EndProject
Project("{8BC9CEB8-8B4A-11D0-8D11-00A0C91BC942}") = "RenderLib", "RenderLib\RenderLib.vcxproj", "{413493FA-883C-46B9-BF7C-0740826DA87F}"
EndProject
Global
	GlobalSection(SolutionConfigurationPlatforms) = preSolution
		Debug|Any CPU = Debug|Any CPU
		Debug|x64 = Debug|x64
		Debug|x86 = Debug|x86
		Release|Any CPU = Release|Any CPU
		Release|x64 = Release|x64
		Release|x86 = Release|x86
	EndGlobalSection
	GlobalSection(ProjectConfigurationPlatforms) = postSolution
		{C282EAA7-5AA6-49E4-8B9C-ED3E2AFAD93B}.Debug|Any CPU.ActiveCfg = Debug|Any CPU
		{C282EAA7-5AA6-49E4-8B9C-ED3E2AFAD93B}.Debug|x64.ActiveCfg = Debug|Any CPU
		{C282EAA7-5AA6-49E4-8B9C-ED3E2AFAD93B}.Debug|x86.ActiveCfg = Debug|Any CPU
		{C282EAA7-5AA6-49E4-8B9C-ED3E2AFAD93B}.Release|Any CPU.ActiveCfg = Release|Any CPU
		{C282EAA7-5AA6-49E4-8B9C-ED3E2AFAD93B}.Release|x64.ActiveCfg = Release|Any CPU
		{C282EAA7-5AA6-49E4-8B9C-ED3E2AFAD93B}.Release|x86.ActiveCfg = Release|Any CPU
		{413493FA-883C-46B9-BF7C-0740826DA87F}.Debug|Any CPU.ActiveCfg = Debug|Win32
		{413493FA-883C-46B9-BF7C-0740826DA87F}.Debug|x64.ActiveCfg = Debug|x64
		{413493FA-883C-46B9-BF7C-0740826DA87F}.Debug|x64.Build.0 = Debug|x64
		{413493FA-883C-46B9-BF7C-0740826DA87F}.Debug|x86.ActiveCfg = Debug|Win32
		{413493FA-883C-46B9-BF7C-0740826DA87F}.Debug|x86.Build.0 = Debug|Win32
		{413493FA-883C-46B9-BF7C-0740826DA87F}.Release|Any CPU.ActiveCfg = Release|Win32
		{413493FA-883C-46B9-BF7C-0740826DA87F}.Release|x64.ActiveCfg = Release|x64
		{413493FA-883C-46B9-BF7C-0740826DA87F}.Release|x64.Build.0 = Release|x64
		{413493FA-883C-46B9-BF7C-0740826DA87F}.Release|x86.ActiveCfg = Release|Win32
		{413493FA-883C-46B9-BF7C-0740826DA87F}.Release|x86.Build.0 = Release|Win32
	EndGlobalSection
	GlobalSection(SolutionProperties) = preSolution
		HideSolutionNode = FALSE
	EndGlobalSection
	GlobalSection(ExtensibilityGlobals) = postSolution
		SolutionGuid = {A6B6B467-3979-4587-8154-12E20EB5C303}
	EndGlobalSection
EndGlobal
